
Microsoft Visual Studio Solution File, Format Version 12.00
# Visual Studio Version 16
VisualStudioVersion = 16.0.29920.165
MinimumVisualStudioVersion = 10.0.40219.1
Project("{FAE04EC0-301F-11D3-BF4B-00C04F79EFBC}") = "naytto_projekti", "naytto_projekti\naytto_projekti.csproj", "{0B15CCC5-36BA-488B-AF2F-F718FD49B6C5}"
EndProject
Global
	GlobalSection(SolutionConfigurationPlatforms) = preSolution
		Debug|Any CPU = Debug|Any CPU
		Release|Any CPU = Release|Any CPU
	EndGlobalSection
	GlobalSection(ProjectConfigurationPlatforms) = postSolution
		{0B15CCC5-36BA-488B-AF2F-F718FD49B6C5}.Debug|Any CPU.ActiveCfg = Debug|Any CPU
		{0B15CCC5-36BA-488B-AF2F-F718FD49B6C5}.Debug|Any CPU.Build.0 = Debug|Any CPU
		{0B15CCC5-36BA-488B-AF2F-F718FD49B6C5}.Release|Any CPU.ActiveCfg = Release|Any CPU
		{0B15CCC5-36BA-488B-AF2F-F718FD49B6C5}.Release|Any CPU.Build.0 = Release|Any CPU
	EndGlobalSection
	GlobalSection(SolutionProperties) = preSolution
		HideSolutionNode = FALSE
	EndGlobalSection
	GlobalSection(ExtensibilityGlobals) = postSolution
		SolutionGuid = {3036CA55-1802-49F6-8C9C-BEF9BF3CD6EB}
	EndGlobalSection
EndGlobal
